// !$*UTF8*$!
{
	archiveVersion = 1;
	classes = {
	};
	objectVersion = 42;
	objects = {

/* Begin PBXBuildFile section */
		3A08E48B0729DF5300280345 /* Geometry.h in CopyFiles */ = {isa = PBXBuildFile; fileRef = 3A08E4890729DF5300280345 /* Geometry.h */; };
		3A08E48C0729DF5300280345 /* Geometry.cpp in Sources */ = {isa = PBXBuildFile; fileRef = 3A08E48A0729DF5300280345 /* Geometry.cpp */; };
		3A4D75E4072C7144005072AD /* trackball.h in CopyFiles */ = {isa = PBXBuildFile; fileRef = 3A4D75E2072C7144005072AD /* trackball.h */; };
		3A4D75E5072C7144005072AD /* trackball.cpp in Sources */ = {isa = PBXBuildFile; fileRef = 3A4D75E3072C7144005072AD /* trackball.cpp */; };
		3A84B9DF07288B4600A05256 /* Carbon.framework in Frameworks */ = {isa = PBXBuildFile; fileRef = 3A84B9DE07288B4600A05256 /* Carbon.framework */; };
		3A84B9E107288B5400A05256 /* OpenGL.framework in Frameworks */ = {isa = PBXBuildFile; fileRef = 3A84B9E007288B5400A05256 /* OpenGL.framework */; };
		3A84B9E307288B5F00A05256 /* GLUT.framework in Frameworks */ = {isa = PBXBuildFile; fileRef = 3A84B9E207288B5F00A05256 /* GLUT.framework */; };
		3A93C2CF072820AB007D1A8E /* vector4d.h in CopyFiles */ = {isa = PBXBuildFile; fileRef = 3A93C2CD072820AB007D1A8E /* vector4d.h */; };
		3A93C2D0072820AB007D1A8E /* vector4d.cpp in Sources */ = {isa = PBXBuildFile; fileRef = 3A93C2CE072820AB007D1A8E /* vector4d.cpp */; };
		8DD76F650486A84900D96B5E /* main.cpp in Sources */ = {isa = PBXBuildFile; fileRef = 08FB7796FE84155DC02AAC07 /* main.cpp */; settings = {ATTRIBUTES = (); }; };
		8DD76F6A0486A84900D96B5E /* SpinningTop.1 in CopyFiles */ = {isa = PBXBuildFile; fileRef = C6859E8B029090EE04C91782 /* SpinningTop.1 */; };
/* End PBXBuildFile section */

/* Begin PBXCopyFilesBuildPhase section */
		8DD76F690486A84900D96B5E /* CopyFiles */ = {
			isa = PBXCopyFilesBuildPhase;
			buildActionMask = 8;
			dstPath = /usr/share/man/man1/;
			dstSubfolderSpec = 0;
			files = (
				8DD76F6A0486A84900D96B5E /* SpinningTop.1 in CopyFiles */,
				3A93C2CF072820AB007D1A8E /* vector4d.h in CopyFiles */,
				3A08E48B0729DF5300280345 /* Geometry.h in CopyFiles */,
				3A4D75E4072C7144005072AD /* trackball.h in CopyFiles */,
			);
			runOnlyForDeploymentPostprocessing = 1;
		};
/* End PBXCopyFilesBuildPhase section */

/* Begin PBXFileReference section */
		08FB7796FE84155DC02AAC07 /* main.cpp */ = {isa = PBXFileReference; fileEncoding = 4; lastKnownFileType = sourcecode.cpp.cpp; path = main.cpp; sourceTree = "<group>"; };
		3A08E4890729DF5300280345 /* Geometry.h */ = {isa = PBXFileReference; fileEncoding = 4; lastKnownFileType = sourcecode.c.h; path = Geometry.h; sourceTree = "<group>"; };
		3A08E48A0729DF5300280345 /* Geometry.cpp */ = {isa = PBXFileReference; fileEncoding = 4; lastKnownFileType = sourcecode.cpp.cpp; path = Geometry.cpp; sourceTree = "<group>"; };
		3A4D75E2072C7144005072AD /* trackball.h */ = {isa = PBXFileReference; fileEncoding = 4; lastKnownFileType = sourcecode.c.h; path = trackball.h; sourceTree = "<group>"; };
		3A4D75E3072C7144005072AD /* trackball.cpp */ = {isa = PBXFileReference; fileEncoding = 4; lastKnownFileType = sourcecode.cpp.cpp; path = trackball.cpp; sourceTree = "<group>"; };
		3A84B9DE07288B4600A05256 /* Carbon.framework */ = {isa = PBXFileReference; lastKnownFileType = wrapper.framework; name = Carbon.framework; path = /System/Library/Frameworks/Carbon.framework; sourceTree = "<absolute>"; };
		3A84B9E007288B5400A05256 /* OpenGL.framework */ = {isa = PBXFileReference; lastKnownFileType = wrapper.framework; name = OpenGL.framework; path = /System/Library/Frameworks/OpenGL.framework; sourceTree = "<absolute>"; };
		3A84B9E207288B5F00A05256 /* GLUT.framework */ = {isa = PBXFileReference; lastKnownFileType = wrapper.framework; name = GLUT.framework; path = /System/Library/Frameworks/GLUT.framework; sourceTree = "<absolute>"; };
		3A93C2CD072820AB007D1A8E /* vector4d.h */ = {isa = PBXFileReference; fileEncoding = 4; lastKnownFileType = sourcecode.c.h; path = vector4d.h; sourceTree = "<group>"; };
		3A93C2CE072820AB007D1A8E /* vector4d.cpp */ = {isa = PBXFileReference; fileEncoding = 4; lastKnownFileType = sourcecode.cpp.cpp; path = vector4d.cpp; sourceTree = "<group>"; };
		8DD76F6C0486A84900D96B5E /* SpinningTop */ = {isa = PBXFileReference; explicitFileType = "compiled.mach-o.executable"; includeInIndex = 0; path = SpinningTop; sourceTree = BUILT_PRODUCTS_DIR; };
		C6859E8B029090EE04C91782 /* SpinningTop.1 */ = {isa = PBXFileReference; lastKnownFileType = text.man; path = SpinningTop.1; sourceTree = "<group>"; };
/* End PBXFileReference section */

/* Begin PBXFrameworksBuildPhase section */
		8DD76F660486A84900D96B5E /* Frameworks */ = {
			isa = PBXFrameworksBuildPhase;
			buildActionMask = 2147483647;
			files = (
				3A84B9DF07288B4600A05256 /* Carbon.framework in Frameworks */,
				3A84B9E107288B5400A05256 /* OpenGL.framework in Frameworks */,
				3A84B9E307288B5F00A05256 /* GLUT.framework in Frameworks */,
			);
			runOnlyForDeploymentPostprocessing = 0;
		};
/* End PBXFrameworksBuildPhase section */

/* Begin PBXGroup section */
		0249A662FF388D9811CA2CEA /* External Frameworks and Libraries */ = {
			isa = PBXGroup;
			children = (
				3A84B9E207288B5F00A05256 /* GLUT.framework */,
				3A84B9E007288B5400A05256 /* OpenGL.framework */,
				3A84B9DE07288B4600A05256 /* Carbon.framework */,
			);
			name = "External Frameworks and Libraries";
			sourceTree = "<group>";
		};
		08FB7794FE84155DC02AAC07 /* SpinningTop */ = {
			isa = PBXGroup;
			children = (
				08FB7795FE84155DC02AAC07 /* Source */,
				C6859E8C029090F304C91782 /* Documentation */,
				0249A662FF388D9811CA2CEA /* External Frameworks and Libraries */,
				1AB674ADFE9D54B511CA2CBB /* Products */,
			);
			name = SpinningTop;
			sourceTree = "<group>";
		};
		08FB7795FE84155DC02AAC07 /* Source */ = {
			isa = PBXGroup;
			children = (
				3A4D75E2072C7144005072AD /* trackball.h */,
				3A4D75E3072C7144005072AD /* trackball.cpp */,
				3A08E4890729DF5300280345 /* Geometry.h */,
				3A08E48A0729DF5300280345 /* Geometry.cpp */,
				3A93C2CD072820AB007D1A8E /* vector4d.h */,
				3A93C2CE072820AB007D1A8E /* vector4d.cpp */,
				08FB7796FE84155DC02AAC07 /* main.cpp */,
			);
			name = Source;
			sourceTree = "<group>";
		};
		1AB674ADFE9D54B511CA2CBB /* Products */ = {
			isa = PBXGroup;
			children = (
				8DD76F6C0486A84900D96B5E /* SpinningTop */,
			);
			name = Products;
			sourceTree = "<group>";
		};
		C6859E8C029090F304C91782 /* Documentation */ = {
			isa = PBXGroup;
			children = (
				C6859E8B029090EE04C91782 /* SpinningTop.1 */,
			);
			name = Documentation;
			sourceTree = "<group>";
		};
/* End PBXGroup section */

/* Begin PBXNativeTarget section */
		8DD76F620486A84900D96B5E /* SpinningTop */ = {
			isa = PBXNativeTarget;
			buildConfigurationList = 3BD645BC0ADAAC0E004C3052 /* Build configuration list for PBXNativeTarget "SpinningTop" */;
			buildPhases = (
				8DD76F640486A84900D96B5E /* Sources */,
				8DD76F660486A84900D96B5E /* Frameworks */,
				8DD76F690486A84900D96B5E /* CopyFiles */,
			);
			buildRules = (
			);
			dependencies = (
			);
			name = SpinningTop;
			productInstallPath = "$(HOME)/bin";
			productName = SpinningTop;
			productReference = 8DD76F6C0486A84900D96B5E /* SpinningTop */;
			productType = "com.apple.product-type.tool";
		};
/* End PBXNativeTarget section */

/* Begin PBXProject section */
		08FB7793FE84155DC02AAC07 /* Project object */ = {
			isa = PBXProject;
			buildConfigurationList = 3BD645C00ADAAC0E004C3052 /* Build configuration list for PBXProject "SpinningTop" */;
			compatibilityVersion = "Xcode 2.4";
			developmentRegion = English;
			hasScannedForEncodings = 1;
			knownRegions = (
				English,
				Japanese,
				French,
				German,
			);
			mainGroup = 08FB7794FE84155DC02AAC07 /* SpinningTop */;
			projectDirPath = "";
			projectRoot = "";
			targets = (
				8DD76F620486A84900D96B5E /* SpinningTop */,
			);
		};
/* End PBXProject section */

/* Begin PBXSourcesBuildPhase section */
		8DD76F640486A84900D96B5E /* Sources */ = {
			isa = PBXSourcesBuildPhase;
			buildActionMask = 2147483647;
			files = (
				8DD76F650486A84900D96B5E /* main.cpp in Sources */,
				3A93C2D0072820AB007D1A8E /* vector4d.cpp in Sources */,
				3A08E48C0729DF5300280345 /* Geometry.cpp in Sources */,
				3A4D75E5072C7144005072AD /* trackball.cpp in Sources */,
			);
			runOnlyForDeploymentPostprocessing = 0;
		};
/* End PBXSourcesBuildPhase section */

/* Begin XCBuildConfiguration section */
		3BD645BD0ADAAC0E004C3052 /* Development */ = {
			isa = XCBuildConfiguration;
			buildSettings = {
				COPY_PHASE_STRIP = NO;
				GCC_DYNAMIC_NO_PIC = NO;
				GCC_ENABLE_FIX_AND_CONTINUE = YES;
				GCC_GENERATE_DEBUGGING_SYMBOLS = YES;
				GCC_MODEL_CPU = G4;
				GCC_MODEL_PPC64 = NO;
				GCC_MODEL_TUNING = G4;
				GCC_OPTIMIZATION_LEVEL = 0;
				INSTALL_PATH = "$(HOME)/bin";
				MACOSX_DEPLOYMENT_TARGET = 10.3;
				PRODUCT_NAME = SpinningTop;
				ZERO_LINK = YES;
			};
			name = Development;
		};
		3BD645BE0ADAAC0E004C3052 /* Deployment */ = {
			isa = XCBuildConfiguration;
			buildSettings = {
				COPY_PHASE_STRIP = YES;
				GCC_ENABLE_FIX_AND_CONTINUE = NO;
				GCC_GENERATE_DEBUGGING_SYMBOLS = NO;
				GCC_MODEL_CPU = G4;
				GCC_MODEL_PPC64 = NO;
				GCC_MODEL_TUNING = G4;
				INSTALL_PATH = "$(HOME)/bin";
				MACOSX_DEPLOYMENT_TARGET = 10.3;
				PRODUCT_NAME = SpinningTop;
				ZERO_LINK = NO;
			};
			name = Deployment;
		};
		3BD645BF0ADAAC0E004C3052 /* Default */ = {
			isa = XCBuildConfiguration;
			buildSettings = {
				GCC_GENERATE_DEBUGGING_SYMBOLS = NO;
				GCC_MODEL_CPU = G4;
				GCC_MODEL_PPC64 = NO;
				GCC_MODEL_TUNING = G4;
				INSTALL_PATH = "$(HOME)/bin";
				MACOSX_DEPLOYMENT_TARGET = 10.3;
				PRODUCT_NAME = SpinningTop;
			};
			name = Default;
		};
		3BD645C10ADAAC0E004C3052 /* Development */ = {
			isa = XCBuildConfiguration;
			buildSettings = {
			};
			name = Development;
		};
		3BD645C20ADAAC0E004C3052 /* Deployment */ = {
			isa = XCBuildConfiguration;
			buildSettings = {
			};
			name = Deployment;
		};
		3BD645C30ADAAC0E004C3052 /* Default */ = {
			isa = XCBuildConfiguration;
			buildSettings = {
			};
			name = Default;
		};
/* End XCBuildConfiguration section */

/* Begin XCConfigurationList section */
		3BD645BC0ADAAC0E004C3052 /* Build configuration list for PBXNativeTarget "SpinningTop" */ = {
			isa = XCConfigurationList;
			buildConfigurations = (
				3BD645BD0ADAAC0E004C3052 /* Development */,
				3BD645BE0ADAAC0E004C3052 /* Deployment */,
				3BD645BF0ADAAC0E004C3052 /* Default */,
			);
			defaultConfigurationIsVisible = 0;
			defaultConfigurationName = Default;
		};
		3BD645C00ADAAC0E004C3052 /* Build configuration list for PBXProject "SpinningTop" */ = {
			isa = XCConfigurationList;
			buildConfigurations = (
				3BD645C10ADAAC0E004C3052 /* Development */,
				3BD645C20ADAAC0E004C3052 /* Deployment */,
				3BD645C30ADAAC0E004C3052 /* Default */,
			);
			defaultConfigurationIsVisible = 0;
			defaultConfigurationName = Default;
		};
/* End XCConfigurationList section */
	};
	rootObject = 08FB7793FE84155DC02AAC07 /* Project object */;
}
